
Microsoft Visual Studio Solution File, Format Version 12.00
# Visual Studio 15
VisualStudioVersion = 15.0.27906.1
MinimumVisualStudioVersion = 10.0.40219.1
Project("{FAE04EC0-301F-11D3-BF4B-00C04F79EFBC}") = "ultraTrader.Android", "ultraTrader\ultraTrader.Android\ultraTrader.Android.csproj", "{56B8DCAF-F942-48A0-B946-B97D5C2B208A}"
EndProject
Project("{FAE04EC0-301F-11D3-BF4B-00C04F79EFBC}") = "ultraTrader.iOS", "ultraTrader\ultraTrader.iOS\ultraTrader.iOS.csproj", "{6AE1E043-E598-47A8-9D31-166A399526C1}"
EndProject
Project("{9A19103F-16F7-4668-BE54-9A1E7A4F7556}") = "ultraTrader", "ultraTrader\ultraTrader\ultraTrader.csproj", "{C8DB8D6C-0004-4BB4-983F-5E72EE08C769}"
EndProject
Project("{FAE04EC0-301F-11D3-BF4B-00C04F79EFBC}") = "ultraTrader.wear", "ultraTrader.wear\ultraTrader.wear\ultraTrader.wear.csproj", "{92DA7157-2425-499D-AC9D-807F201DBBC3}"
EndProject
Global
	GlobalSection(SolutionConfigurationPlatforms) = preSolution
		Debug|Any CPU = Debug|Any CPU
		Debug|iPhone = Debug|iPhone
		Debug|iPhoneSimulator = Debug|iPhoneSimulator
		Release|Any CPU = Release|Any CPU
		Release|iPhone = Release|iPhone
		Release|iPhoneSimulator = Release|iPhoneSimulator
	EndGlobalSection
	GlobalSection(ProjectConfigurationPlatforms) = postSolution
		{56B8DCAF-F942-48A0-B946-B97D5C2B208A}.Debug|Any CPU.ActiveCfg = Debug|Any CPU
		{56B8DCAF-F942-48A0-B946-B97D5C2B208A}.Debug|Any CPU.Build.0 = Debug|Any CPU
		{56B8DCAF-F942-48A0-B946-B97D5C2B208A}.Debug|Any CPU.Deploy.0 = Debug|Any CPU
		{56B8DCAF-F942-48A0-B946-B97D5C2B208A}.Debug|iPhone.ActiveCfg = Debug|Any CPU
		{56B8DCAF-F942-48A0-B946-B97D5C2B208A}.Debug|iPhone.Build.0 = Debug|Any CPU
		{56B8DCAF-F942-48A0-B946-B97D5C2B208A}.Debug|iPhone.Deploy.0 = Debug|Any CPU
		{56B8DCAF-F942-48A0-B946-B97D5C2B208A}.Debug|iPhoneSimulator.ActiveCfg = Debug|Any CPU
		{56B8DCAF-F942-48A0-B946-B97D5C2B208A}.Debug|iPhoneSimulator.Build.0 = Debug|Any CPU
		{56B8DCAF-F942-48A0-B946-B97D5C2B208A}.Debug|iPhoneSimulator.Deploy.0 = Debug|Any CPU
		{56B8DCAF-F942-48A0-B946-B97D5C2B208A}.Release|Any CPU.ActiveCfg = Release|Any CPU
		{56B8DCAF-F942-48A0-B946-B97D5C2B208A}.Release|Any CPU.Build.0 = Release|Any CPU
		{56B8DCAF-F942-48A0-B946-B97D5C2B208A}.Release|Any CPU.Deploy.0 = Release|Any CPU
		{56B8DCAF-F942-48A0-B946-B97D5C2B208A}.Release|iPhone.ActiveCfg = Release|Any CPU
		{56B8DCAF-F942-48A0-B946-B97D5C2B208A}.Release|iPhone.Build.0 = Release|Any CPU
		{56B8DCAF-F942-48A0-B946-B97D5C2B208A}.Release|iPhone.Deploy.0 = Release|Any CPU
		{56B8DCAF-F942-48A0-B946-B97D5C2B208A}.Release|iPhoneSimulator.ActiveCfg = Release|Any CPU
		{56B8DCAF-F942-48A0-B946-B97D5C2B208A}.Release|iPhoneSimulator.Build.0 = Release|Any CPU
		{56B8DCAF-F942-48A0-B946-B97D5C2B208A}.Release|iPhoneSimulator.Deploy.0 = Release|Any CPU
		{6AE1E043-E598-47A8-9D31-166A399526C1}.Debug|Any CPU.ActiveCfg = Debug|iPhoneSimulator
		{6AE1E043-E598-47A8-9D31-166A399526C1}.Debug|Any CPU.Build.0 = Debug|iPhoneSimulator
		{6AE1E043-E598-47A8-9D31-166A399526C1}.Debug|Any CPU.Deploy.0 = Debug|iPhoneSimulator
		{6AE1E043-E598-47A8-9D31-166A399526C1}.Debug|iPhone.ActiveCfg = Debug|iPhone
		{6AE1E043-E598-47A8-9D31-166A399526C1}.Debug|iPhone.Build.0 = Debug|iPhone
		{6AE1E043-E598-47A8-9D31-166A399526C1}.Debug|iPhone.Deploy.0 = Debug|iPhone
		{6AE1E043-E598-47A8-9D31-166A399526C1}.Debug|iPhoneSimulator.ActiveCfg = Debug|iPhoneSimulator
		{6AE1E043-E598-47A8-9D31-166A399526C1}.Debug|iPhoneSimulator.Build.0 = Debug|iPhoneSimulator
		{6AE1E043-E598-47A8-9D31-166A399526C1}.Debug|iPhoneSimulator.Deploy.0 = Debug|iPhoneSimulator
		{6AE1E043-E598-47A8-9D31-166A399526C1}.Release|Any CPU.ActiveCfg = Release|iPhone
		{6AE1E043-E598-47A8-9D31-166A399526C1}.Release|Any CPU.Build.0 = Release|iPhone
		{6AE1E043-E598-47A8-9D31-166A399526C1}.Release|Any CPU.Deploy.0 = Release|iPhone
		{6AE1E043-E598-47A8-9D31-166A399526C1}.Release|iPhone.ActiveCfg = Release|iPhone
		{6AE1E043-E598-47A8-9D31-166A399526C1}.Release|iPhone.Build.0 = Release|iPhone
		{6AE1E043-E598-47A8-9D31-166A399526C1}.Release|iPhone.Deploy.0 = Release|iPhone
		{6AE1E043-E598-47A8-9D31-166A399526C1}.Release|iPhoneSimulator.ActiveCfg = Release|iPhoneSimulator
		{6AE1E043-E598-47A8-9D31-166A399526C1}.Release|iPhoneSimulator.Build.0 = Release|iPhoneSimulator
		{6AE1E043-E598-47A8-9D31-166A399526C1}.Release|iPhoneSimulator.Deploy.0 = Release|iPhoneSimulator
		{C8DB8D6C-0004-4BB4-983F-5E72EE08C769}.Debug|Any CPU.ActiveCfg = Debug|Any CPU
		{C8DB8D6C-0004-4BB4-983F-5E72EE08C769}.Debug|Any CPU.Build.0 = Debug|Any CPU
		{C8DB8D6C-0004-4BB4-983F-5E72EE08C769}.Debug|Any CPU.Deploy.0 = Debug|Any CPU
		{C8DB8D6C-0004-4BB4-983F-5E72EE08C769}.Debug|iPhone.ActiveCfg = Debug|Any CPU
		{C8DB8D6C-0004-4BB4-983F-5E72EE08C769}.Debug|iPhone.Build.0 = Debug|Any CPU
		{C8DB8D6C-0004-4BB4-983F-5E72EE08C769}.Debug|iPhone.Deploy.0 = Debug|Any CPU
		{C8DB8D6C-0004-4BB4-983F-5E72EE08C769}.Debug|iPhoneSimulator.ActiveCfg = Debug|Any CPU
		{C8DB8D6C-0004-4BB4-983F-5E72EE08C769}.Debug|iPhoneSimulator.Build.0 = Debug|Any CPU
		{C8DB8D6C-0004-4BB4-983F-5E72EE08C769}.Debug|iPhoneSimulator.Deploy.0 = Debug|Any CPU
		{C8DB8D6C-0004-4BB4-983F-5E72EE08C769}.Release|Any CPU.ActiveCfg = Release|Any CPU
		{C8DB8D6C-0004-4BB4-983F-5E72EE08C769}.Release|Any CPU.Build.0 = Release|Any CPU
		{C8DB8D6C-0004-4BB4-983F-5E72EE08C769}.Release|Any CPU.Deploy.0 = Release|Any CPU
		{C8DB8D6C-0004-4BB4-983F-5E72EE08C769}.Release|iPhone.ActiveCfg = Release|Any CPU
		{C8DB8D6C-0004-4BB4-983F-5E72EE08C769}.Release|iPhone.Build.0 = Release|Any CPU
		{C8DB8D6C-0004-4BB4-983F-5E72EE08C769}.Release|iPhone.Deploy.0 = Release|Any CPU
		{C8DB8D6C-0004-4BB4-983F-5E72EE08C769}.Release|iPhoneSimulator.ActiveCfg = Release|Any CPU
		{C8DB8D6C-0004-4BB4-983F-5E72EE08C769}.Release|iPhoneSimulator.Build.0 = Release|Any CPU
		{C8DB8D6C-0004-4BB4-983F-5E72EE08C769}.Release|iPhoneSimulator.Deploy.0 = Release|Any CPU
		{92DA7157-2425-499D-AC9D-807F201DBBC3}.Debug|Any CPU.ActiveCfg = Debug|Any CPU
		{92DA7157-2425-499D-AC9D-807F201DBBC3}.Debug|Any CPU.Build.0 = Debug|Any CPU
		{92DA7157-2425-499D-AC9D-807F201DBBC3}.Debug|Any CPU.Deploy.0 = Debug|Any CPU
		{92DA7157-2425-499D-AC9D-807F201DBBC3}.Debug|iPhone.ActiveCfg = Debug|Any CPU
		{92DA7157-2425-499D-AC9D-807F201DBBC3}.Debug|iPhone.Build.0 = Debug|Any CPU
		{92DA7157-2425-499D-AC9D-807F201DBBC3}.Debug|iPhone.Deploy.0 = Debug|Any CPU
		{92DA7157-2425-499D-AC9D-807F201DBBC3}.Debug|iPhoneSimulator.ActiveCfg = Debug|Any CPU
		{92DA7157-2425-499D-AC9D-807F201DBBC3}.Debug|iPhoneSimulator.Build.0 = Debug|Any CPU
		{92DA7157-2425-499D-AC9D-807F201DBBC3}.Debug|iPhoneSimulator.Deploy.0 = Debug|Any CPU
		{92DA7157-2425-499D-AC9D-807F201DBBC3}.Release|Any CPU.ActiveCfg = Release|Any CPU
		{92DA7157-2425-499D-AC9D-807F201DBBC3}.Release|Any CPU.Build.0 = Release|Any CPU
		{92DA7157-2425-499D-AC9D-807F201DBBC3}.Release|Any CPU.Deploy.0 = Release|Any CPU
		{92DA7157-2425-499D-AC9D-807F201DBBC3}.Release|iPhone.ActiveCfg = Release|Any CPU
		{92DA7157-2425-499D-AC9D-807F201DBBC3}.Release|iPhone.Build.0 = Release|Any CPU
		{92DA7157-2425-499D-AC9D-807F201DBBC3}.Release|iPhone.Deploy.0 = Release|Any CPU
		{92DA7157-2425-499D-AC9D-807F201DBBC3}.Release|iPhoneSimulator.ActiveCfg = Release|Any CPU
		{92DA7157-2425-499D-AC9D-807F201DBBC3}.Release|iPhoneSimulator.Build.0 = Release|Any CPU
		{92DA7157-2425-499D-AC9D-807F201DBBC3}.Release|iPhoneSimulator.Deploy.0 = Release|Any CPU
	EndGlobalSection
	GlobalSection(SolutionProperties) = preSolution
		HideSolutionNode = FALSE
	EndGlobalSection
	GlobalSection(ExtensibilityGlobals) = postSolution
		SolutionGuid = {4A19528C-CF8E-49EF-8D42-05B76939ACBE}
	EndGlobalSection
EndGlobal
